
Microsoft Visual Studio Solution File, Format Version 12.00
# Visual Studio Version 16
VisualStudioVersion = 16.0.31402.337
MinimumVisualStudioVersion = 10.0.40219.1
Project("{9A19103F-16F7-4668-BE54-9A1E7A4F7556}") = "KArtistMicroservice", "KArtistMicroservice\KArtistMicroservice.csproj", "{50812584-781F-466D-B4A9-199FCDE13089}"
EndProject
Project("{E53339B2-1760-4266-BCC7-CA923CBCF16C}") = "docker-compose", "docker-compose.dcproj", "{D2CF8E8B-45E7-4DDA-A6CA-51AC1D043B59}"
EndProject
Global
	GlobalSection(SolutionConfigurationPlatforms) = preSolution
		Debug|Any CPU = Debug|Any CPU
		Release|Any CPU = Release|Any CPU
	EndGlobalSection
	GlobalSection(ProjectConfigurationPlatforms) = postSolution
		{50812584-781F-466D-B4A9-199FCDE13089}.Debug|Any CPU.ActiveCfg = Debug|Any CPU
		{50812584-781F-466D-B4A9-199FCDE13089}.Debug|Any CPU.Build.0 = Debug|Any CPU
		{50812584-781F-466D-B4A9-199FCDE13089}.Release|Any CPU.ActiveCfg = Release|Any CPU
		{50812584-781F-466D-B4A9-199FCDE13089}.Release|Any CPU.Build.0 = Release|Any CPU
		{D2CF8E8B-45E7-4DDA-A6CA-51AC1D043B59}.Debug|Any CPU.ActiveCfg = Debug|Any CPU
		{D2CF8E8B-45E7-4DDA-A6CA-51AC1D043B59}.Debug|Any CPU.Build.0 = Debug|Any CPU
		{D2CF8E8B-45E7-4DDA-A6CA-51AC1D043B59}.Release|Any CPU.ActiveCfg = Release|Any CPU
		{D2CF8E8B-45E7-4DDA-A6CA-51AC1D043B59}.Release|Any CPU.Build.0 = Release|Any CPU
	EndGlobalSection
	GlobalSection(SolutionProperties) = preSolution
		HideSolutionNode = FALSE
	EndGlobalSection
	GlobalSection(ExtensibilityGlobals) = postSolution
		SolutionGuid = {89D2344B-F0AA-429A-89A8-40ED07BDBFA8}
	EndGlobalSection
EndGlobal
